
Microsoft Visual Studio Solution File, Format Version 12.00
Project("{2150E333-8FDC-42A3-9474-1A3956D46DE8}") = "src", "src", "{78DFD92F-A1F5-4D0B-B992-47341C787F5C}"
EndProject
Project("{FAE04EC0-301F-11D3-BF4B-00C04F79EFBC}") = "JoyMoe.HttpSig", "src\JoyMoe.HttpSig\JoyMoe.HttpSig.csproj", "{77F551B9-C5EE-4D27-B783-30407B7ADB9F}"
EndProject
Project("{FAE04EC0-301F-11D3-BF4B-00C04F79EFBC}") = "JoyMoe.HttpSig.AspNetCore", "src\JoyMoe.HttpSig.AspNetCore\JoyMoe.HttpSig.AspNetCore.csproj", "{8E8322C1-C863-4F4D-B2CE-CE93F9F18569}"
EndProject
Project("{FAE04EC0-301F-11D3-BF4B-00C04F79EFBC}") = "JoyMoe.HttpSig.Client", "src\JoyMoe.HttpSig.Client\JoyMoe.HttpSig.Client.csproj", "{6562A219-8027-48C2-A49D-E5A6E9161E5B}"
EndProject
Project("{2150E333-8FDC-42A3-9474-1A3956D46DE8}") = "tests", "tests", "{866EBC8B-A427-4722-A3B1-50964CC27DE0}"
EndProject
Project("{FAE04EC0-301F-11D3-BF4B-00C04F79EFBC}") = "JoyMoe.HttpSig.Tests", "tests\JoyMoe.HttpSig.Tests\JoyMoe.HttpSig.Tests.csproj", "{3B5982E3-50DA-4353-864E-3382B1CC5426}"
EndProject
Project("{FAE04EC0-301F-11D3-BF4B-00C04F79EFBC}") = "JoyMoe.HttpSig.AspNetCore.Tests", "tests\JoyMoe.HttpSig.AspNetCore.Tests\JoyMoe.HttpSig.AspNetCore.Tests.csproj", "{453AF318-59C1-4EFF-A3E3-1810BC33FF45}"
EndProject
Global
	GlobalSection(SolutionConfigurationPlatforms) = preSolution
		Debug|Any CPU = Debug|Any CPU
		Release|Any CPU = Release|Any CPU
	EndGlobalSection
	GlobalSection(ProjectConfigurationPlatforms) = postSolution
		{77F551B9-C5EE-4D27-B783-30407B7ADB9F}.Debug|Any CPU.ActiveCfg = Debug|Any CPU
		{77F551B9-C5EE-4D27-B783-30407B7ADB9F}.Debug|Any CPU.Build.0 = Debug|Any CPU
		{77F551B9-C5EE-4D27-B783-30407B7ADB9F}.Release|Any CPU.ActiveCfg = Release|Any CPU
		{77F551B9-C5EE-4D27-B783-30407B7ADB9F}.Release|Any CPU.Build.0 = Release|Any CPU
		{8E8322C1-C863-4F4D-B2CE-CE93F9F18569}.Debug|Any CPU.ActiveCfg = Debug|Any CPU
		{8E8322C1-C863-4F4D-B2CE-CE93F9F18569}.Debug|Any CPU.Build.0 = Debug|Any CPU
		{8E8322C1-C863-4F4D-B2CE-CE93F9F18569}.Release|Any CPU.ActiveCfg = Release|Any CPU
		{8E8322C1-C863-4F4D-B2CE-CE93F9F18569}.Release|Any CPU.Build.0 = Release|Any CPU
		{6562A219-8027-48C2-A49D-E5A6E9161E5B}.Debug|Any CPU.ActiveCfg = Debug|Any CPU
		{6562A219-8027-48C2-A49D-E5A6E9161E5B}.Debug|Any CPU.Build.0 = Debug|Any CPU
		{6562A219-8027-48C2-A49D-E5A6E9161E5B}.Release|Any CPU.ActiveCfg = Release|Any CPU
		{6562A219-8027-48C2-A49D-E5A6E9161E5B}.Release|Any CPU.Build.0 = Release|Any CPU
		{3B5982E3-50DA-4353-864E-3382B1CC5426}.Debug|Any CPU.ActiveCfg = Debug|Any CPU
		{3B5982E3-50DA-4353-864E-3382B1CC5426}.Debug|Any CPU.Build.0 = Debug|Any CPU
		{3B5982E3-50DA-4353-864E-3382B1CC5426}.Release|Any CPU.ActiveCfg = Release|Any CPU
		{3B5982E3-50DA-4353-864E-3382B1CC5426}.Release|Any CPU.Build.0 = Release|Any CPU
		{453AF318-59C1-4EFF-A3E3-1810BC33FF45}.Debug|Any CPU.ActiveCfg = Debug|Any CPU
		{453AF318-59C1-4EFF-A3E3-1810BC33FF45}.Debug|Any CPU.Build.0 = Debug|Any CPU
		{453AF318-59C1-4EFF-A3E3-1810BC33FF45}.Release|Any CPU.ActiveCfg = Release|Any CPU
		{453AF318-59C1-4EFF-A3E3-1810BC33FF45}.Release|Any CPU.Build.0 = Release|Any CPU
	EndGlobalSection
	GlobalSection(NestedProjects) = preSolution
		{77F551B9-C5EE-4D27-B783-30407B7ADB9F} = {78DFD92F-A1F5-4D0B-B992-47341C787F5C}
		{8E8322C1-C863-4F4D-B2CE-CE93F9F18569} = {78DFD92F-A1F5-4D0B-B992-47341C787F5C}
		{6562A219-8027-48C2-A49D-E5A6E9161E5B} = {78DFD92F-A1F5-4D0B-B992-47341C787F5C}
		{3B5982E3-50DA-4353-864E-3382B1CC5426} = {866EBC8B-A427-4722-A3B1-50964CC27DE0}
		{453AF318-59C1-4EFF-A3E3-1810BC33FF45} = {866EBC8B-A427-4722-A3B1-50964CC27DE0}
	EndGlobalSection
EndGlobal
